// !$*UTF8*$!
{
	archiveVersion = 1;
	classes = {
	};
	objectVersion = 55;
	objects = {

/* Begin PBXBuildFile section */
		9C47F2D827325EDA00F6F74B /* My_Favorite_NETFLIXApp.swift in Sources */ = {isa = PBXBuildFile; fileRef = 9C47F2D727325EDA00F6F74B /* My_Favorite_NETFLIXApp.swift */; };
		9C47F2DA27325EDA00F6F74B /* ContentView.swift in Sources */ = {isa = PBXBuildFile; fileRef = 9C47F2D927325EDA00F6F74B /* ContentView.swift */; };
		9C47F2DC27325EDA00F6F74B /* Assets.xcassets in Resources */ = {isa = PBXBuildFile; fileRef = 9C47F2DB27325EDA00F6F74B /* Assets.xcassets */; };
		9C47F2DF27325EDA00F6F74B /* Preview Assets.xcassets in Resources */ = {isa = PBXBuildFile; fileRef = 9C47F2DE27325EDA00F6F74B /* Preview Assets.xcassets */; };
		9C4FBD4E2737ABD300417A37 /* TopPhotoView.swift in Sources */ = {isa = PBXBuildFile; fileRef = 9C4FBD4D2737ABD300417A37 /* TopPhotoView.swift */; };
		9C4FBD502737AC1B00417A37 /* InfoView.swift in Sources */ = {isa = PBXBuildFile; fileRef = 9C4FBD4F2737AC1B00417A37 /* InfoView.swift */; };
		9C4FBD522737AC3C00417A37 /* MusicSectionView.swift in Sources */ = {isa = PBXBuildFile; fileRef = 9C4FBD512737AC3B00417A37 /* MusicSectionView.swift */; };
		9C4FBD542737AC5C00417A37 /* ExternalLinkView.swift in Sources */ = {isa = PBXBuildFile; fileRef = 9C4FBD532737AC5C00417A37 /* ExternalLinkView.swift */; };
		9C4FBD562737AC7E00417A37 /* SeriesPhotoView.swift in Sources */ = {isa = PBXBuildFile; fileRef = 9C4FBD552737AC7E00417A37 /* SeriesPhotoView.swift */; };
		9C94ABE22732E36700B34D9C /* AnimeView.swift in Sources */ = {isa = PBXBuildFile; fileRef = 9C94ABE12732E36700B34D9C /* AnimeView.swift */; };
		9C94ABE42732E4D100B34D9C /* AnimeDetailView.swift in Sources */ = {isa = PBXBuildFile; fileRef = 9C94ABE32732E4D100B34D9C /* AnimeDetailView.swift */; };
		9C94ABE82732E9EC00B34D9C /* VideoRow.swift in Sources */ = {isa = PBXBuildFile; fileRef = 9C94ABE72732E9EC00B34D9C /* VideoRow.swift */; };
		9C94ABED2732FAEC00B34D9C /* 秒速 5 公分.mp3 in Resources */ = {isa = PBXBuildFile; fileRef = 9C94ABE92732FAEC00B34D9C /* 秒速 5 公分.mp3 */; };
		9C94ABEE2732FAEC00B34D9C /* 追逐繁星的孩子.mp3 in Resources */ = {isa = PBXBuildFile; fileRef = 9C94ABEA2732FAEC00B34D9C /* 追逐繁星的孩子.mp3 */; };
		9C94ABEF2732FAEC00B34D9C /* 你的名字.mp3 in Resources */ = {isa = PBXBuildFile; fileRef = 9C94ABEB2732FAEC00B34D9C /* 你的名字.mp3 */; };
		9C94ABF02732FAEC00B34D9C /* 煙花.mp3 in Resources */ = {isa = PBXBuildFile; fileRef = 9C94ABEC2732FAEC00B34D9C /* 煙花.mp3 */; };
		9C94ABF22733035C00B34D9C /* SeriesView.swift in Sources */ = {isa = PBXBuildFile; fileRef = 9C94ABF12733035C00B34D9C /* SeriesView.swift */; };
		9C94ABF4273304EB00B34D9C /* SeriesDetailView.swift in Sources */ = {isa = PBXBuildFile; fileRef = 9C94ABF3273304EB00B34D9C /* SeriesDetailView.swift */; };
		9C94ABF62733072400B34D9C /* PhotoView.swift in Sources */ = {isa = PBXBuildFile; fileRef = 9C94ABF52733072300B34D9C /* PhotoView.swift */; };
		9CB308F82733118700CADF73 /* AboutView.swift in Sources */ = {isa = PBXBuildFile; fileRef = 9CB308F72733118700CADF73 /* AboutView.swift */; };
		9CB308FE2733181C00CADF73 /* Netflix2@3x.png in Resources */ = {isa = PBXBuildFile; fileRef = 9CB308FA2733181C00CADF73 /* Netflix2@3x.png */; };
		9CB308FF2733181C00CADF73 /* Netflix1@3x.png in Resources */ = {isa = PBXBuildFile; fileRef = 9CB308FB2733181C00CADF73 /* Netflix1@3x.png */; };
		9CB309002733181C00CADF73 /* Netflix1@2x.png in Resources */ = {isa = PBXBuildFile; fileRef = 9CB308FC2733181C00CADF73 /* Netflix1@2x.png */; };
		9CB309012733181C00CADF73 /* Netflix2@2x.png in Resources */ = {isa = PBXBuildFile; fileRef = 9CB308FD2733181C00CADF73 /* Netflix2@2x.png */; };
/* End PBXBuildFile section */

/* Begin PBXFileReference section */
		9C47F2D427325EDA00F6F74B /* My Favorite NETFLIX.app */ = {isa = PBXFileReference; explicitFileType = wrapper.application; includeInIndex = 0; path = "My Favorite NETFLIX.app"; sourceTree = BUILT_PRODUCTS_DIR; };
		9C47F2D727325EDA00F6F74B /* My_Favorite_NETFLIXApp.swift */ = {isa = PBXFileReference; lastKnownFileType = sourcecode.swift; path = My_Favorite_NETFLIXApp.swift; sourceTree = "<group>"; };
		9C47F2D927325EDA00F6F74B /* ContentView.swift */ = {isa = PBXFileReference; lastKnownFileType = sourcecode.swift; path = ContentView.swift; sourceTree = "<group>"; };
		9C47F2DB27325EDA00F6F74B /* Assets.xcassets */ = {isa = PBXFileReference; lastKnownFileType = folder.assetcatalog; path = Assets.xcassets; sourceTree = "<group>"; };
		9C47F2DE27325EDA00F6F74B /* Preview Assets.xcassets */ = {isa = PBXFileReference; lastKnownFileType = folder.assetcatalog; path = "Preview Assets.xcassets"; sourceTree = "<group>"; };
		9C4FBD4D2737ABD300417A37 /* TopPhotoView.swift */ = {isa = PBXFileReference; lastKnownFileType = sourcecode.swift; path = TopPhotoView.swift; sourceTree = "<group>"; };
		9C4FBD4F2737AC1B00417A37 /* InfoView.swift */ = {isa = PBXFileReference; lastKnownFileType = sourcecode.swift; path = InfoView.swift; sourceTree = "<group>"; };
		9C4FBD512737AC3B00417A37 /* MusicSectionView.swift */ = {isa = PBXFileReference; lastKnownFileType = sourcecode.swift; path = MusicSectionView.swift; sourceTree = "<group>"; };
		9C4FBD532737AC5C00417A37 /* ExternalLinkView.swift */ = {isa = PBXFileReference; lastKnownFileType = sourcecode.swift; path = ExternalLinkView.swift; sourceTree = "<group>"; };
		9C4FBD552737AC7E00417A37 /* SeriesPhotoView.swift */ = {isa = PBXFileReference; lastKnownFileType = sourcecode.swift; path = SeriesPhotoView.swift; sourceTree = "<group>"; };
		9C94ABE12732E36700B34D9C /* AnimeView.swift */ = {isa = PBXFileReference; lastKnownFileType = sourcecode.swift; path = AnimeView.swift; sourceTree = "<group>"; };
		9C94ABE32732E4D100B34D9C /* AnimeDetailView.swift */ = {isa = PBXFileReference; lastKnownFileType = sourcecode.swift; path = AnimeDetailView.swift; sourceTree = "<group>"; };
		9C94ABE72732E9EC00B34D9C /* VideoRow.swift */ = {isa = PBXFileReference; lastKnownFileType = sourcecode.swift; path = VideoRow.swift; sourceTree = "<group>"; };
		9C94ABE92732FAEC00B34D9C /* 秒速 5 公分.mp3 */ = {isa = PBXFileReference; lastKnownFileType = audio.mp3; path = "秒速 5 公分.mp3"; sourceTree = "<group>"; };
		9C94ABEA2732FAEC00B34D9C /* 追逐繁星的孩子.mp3 */ = {isa = PBXFileReference; lastKnownFileType = audio.mp3; path = "追逐繁星的孩子.mp3"; sourceTree = "<group>"; };
		9C94ABEB2732FAEC00B34D9C /* 你的名字.mp3 */ = {isa = PBXFileReference; lastKnownFileType = audio.mp3; path = "你的名字.mp3"; sourceTree = "<group>"; };
		9C94ABEC2732FAEC00B34D9C /* 煙花.mp3 */ = {isa = PBXFileReference; lastKnownFileType = audio.mp3; path = "煙花.mp3"; sourceTree = "<group>"; };
		9C94ABF12733035C00B34D9C /* SeriesView.swift */ = {isa = PBXFileReference; lastKnownFileType = sourcecode.swift; path = SeriesView.swift; sourceTree = "<group>"; };
		9C94ABF3273304EB00B34D9C /* SeriesDetailView.swift */ = {isa = PBXFileReference; lastKnownFileType = sourcecode.swift; path = SeriesDetailView.swift; sourceTree = "<group>"; };
		9C94ABF52733072300B34D9C /* PhotoView.swift */ = {isa = PBXFileReference; lastKnownFileType = sourcecode.swift; path = PhotoView.swift; sourceTree = "<group>"; };
		9CB308F72733118700CADF73 /* AboutView.swift */ = {isa = PBXFileReference; lastKnownFileType = sourcecode.swift; path = AboutView.swift; sourceTree = "<group>"; };
		9CB308F9273316D000CADF73 /* My-Favorite-NETFLIX-Info.plist */ = {isa = PBXFileReference; lastKnownFileType = text.plist; path = "My-Favorite-NETFLIX-Info.plist"; sourceTree = SOURCE_ROOT; };
		9CB308FA2733181C00CADF73 /* Netflix2@3x.png */ = {isa = PBXFileReference; lastKnownFileType = image.png; path = "Netflix2@3x.png"; sourceTree = "<group>"; };
		9CB308FB2733181C00CADF73 /* Netflix1@3x.png */ = {isa = PBXFileReference; lastKnownFileType = image.png; path = "Netflix1@3x.png"; sourceTree = "<group>"; };
		9CB308FC2733181C00CADF73 /* Netflix1@2x.png */ = {isa = PBXFileReference; lastKnownFileType = image.png; path = "Netflix1@2x.png"; sourceTree = "<group>"; };
		9CB308FD2733181C00CADF73 /* Netflix2@2x.png */ = {isa = PBXFileReference; lastKnownFileType = image.png; path = "Netflix2@2x.png"; sourceTree = "<group>"; };
/* End PBXFileReference section */

/* Begin PBXFrameworksBuildPhase section */
		9C47F2D127325ED900F6F74B /* Frameworks */ = {
			isa = PBXFrameworksBuildPhase;
			buildActionMask = 2147483647;
			files = (
			);
			runOnlyForDeploymentPostprocessing = 0;
		};
/* End PBXFrameworksBuildPhase section */

/* Begin PBXGroup section */
		9C47F2CB27325ED900F6F74B = {
			isa = PBXGroup;
			children = (
				9C47F2D627325EDA00F6F74B /* My Favorite NETFLIX */,
				9C47F2D527325EDA00F6F74B /* Products */,
			);
			sourceTree = "<group>";
		};
		9C47F2D527325EDA00F6F74B /* Products */ = {
			isa = PBXGroup;
			children = (
				9C47F2D427325EDA00F6F74B /* My Favorite NETFLIX.app */,
			);
			name = Products;
			sourceTree = "<group>";
		};
		9C47F2D627325EDA00F6F74B /* My Favorite NETFLIX */ = {
			isa = PBXGroup;
			children = (
				9CB308F9273316D000CADF73 /* My-Favorite-NETFLIX-Info.plist */,
				9C47F2D727325EDA00F6F74B /* My_Favorite_NETFLIXApp.swift */,
				9C47F2D927325EDA00F6F74B /* ContentView.swift */,
				9C94ABE72732E9EC00B34D9C /* VideoRow.swift */,
				9C94ABE12732E36700B34D9C /* AnimeView.swift */,
				9C94ABE32732E4D100B34D9C /* AnimeDetailView.swift */,
				9C94ABF12733035C00B34D9C /* SeriesView.swift */,
				9C94ABF3273304EB00B34D9C /* SeriesDetailView.swift */,
				9C4FBD4D2737ABD300417A37 /* TopPhotoView.swift */,
				9C4FBD4F2737AC1B00417A37 /* InfoView.swift */,
				9C4FBD512737AC3B00417A37 /* MusicSectionView.swift */,
				9C4FBD552737AC7E00417A37 /* SeriesPhotoView.swift */,
				9C4FBD532737AC5C00417A37 /* ExternalLinkView.swift */,
				9C94ABF52733072300B34D9C /* PhotoView.swift */,
				9CB308F72733118700CADF73 /* AboutView.swift */,
				9C94ABEC2732FAEC00B34D9C /* 煙花.mp3 */,
				9C94ABEB2732FAEC00B34D9C /* 你的名字.mp3 */,
				9C94ABEA2732FAEC00B34D9C /* 追逐繁星的孩子.mp3 */,
				9C94ABE92732FAEC00B34D9C /* 秒速 5 公分.mp3 */,
				9C47F2DB27325EDA00F6F74B /* Assets.xcassets */,
				9CB308FC2733181C00CADF73 /* Netflix1@2x.png */,
				9CB308FB2733181C00CADF73 /* Netflix1@3x.png */,
				9CB308FD2733181C00CADF73 /* Netflix2@2x.png */,
				9CB308FA2733181C00CADF73 /* Netflix2@3x.png */,
				9C47F2DD27325EDA00F6F74B /* Preview Content */,
			);
			path = "My Favorite NETFLIX";
			sourceTree = "<group>";
		};
		9C47F2DD27325EDA00F6F74B /* Preview Content */ = {
			isa = PBXGroup;
			children = (
				9C47F2DE27325EDA00F6F74B /* Preview Assets.xcassets */,
			);
			path = "Preview Content";
			sourceTree = "<group>";
		};
/* End PBXGroup section */

/* Begin PBXNativeTarget section */
		9C47F2D327325ED900F6F74B /* My Favorite NETFLIX */ = {
			isa = PBXNativeTarget;
			buildConfigurationList = 9C47F2E227325EDA00F6F74B /* Build configuration list for PBXNativeTarget "My Favorite NETFLIX" */;
			buildPhases = (
				9C47F2D027325ED900F6F74B /* Sources */,
				9C47F2D127325ED900F6F74B /* Frameworks */,
				9C47F2D227325ED900F6F74B /* Resources */,
			);
			buildRules = (
			);
			dependencies = (
			);
			name = "My Favorite NETFLIX";
			productName = "My Favorite NETFLIX";
			productReference = 9C47F2D427325EDA00F6F74B /* My Favorite NETFLIX.app */;
			productType = "com.apple.product-type.application";
		};
/* End PBXNativeTarget section */

/* Begin PBXProject section */
		9C47F2CC27325ED900F6F74B /* Project object */ = {
			isa = PBXProject;
			attributes = {
				BuildIndependentTargetsInParallel = 1;
				LastSwiftUpdateCheck = 1310;
				LastUpgradeCheck = 1310;
				TargetAttributes = {
					9C47F2D327325ED900F6F74B = {
						CreatedOnToolsVersion = 13.1;
					};
				};
			};
			buildConfigurationList = 9C47F2CF27325ED900F6F74B /* Build configuration list for PBXProject "My Favorite NETFLIX" */;
			compatibilityVersion = "Xcode 13.0";
			developmentRegion = en;
			hasScannedForEncodings = 0;
			knownRegions = (
				en,
				Base,
			);
			mainGroup = 9C47F2CB27325ED900F6F74B;
			productRefGroup = 9C47F2D527325EDA00F6F74B /* Products */;
			projectDirPath = "";
			projectRoot = "";
			targets = (
				9C47F2D327325ED900F6F74B /* My Favorite NETFLIX */,
			);
		};
/* End PBXProject section */

/* Begin PBXResourcesBuildPhase section */
		9C47F2D227325ED900F6F74B /* Resources */ = {
			isa = PBXResourcesBuildPhase;
			buildActionMask = 2147483647;
			files = (
				9CB308FF2733181C00CADF73 /* Netflix1@3x.png in Resources */,
				9C94ABEF2732FAEC00B34D9C /* 你的名字.mp3 in Resources */,
				9C47F2DF27325EDA00F6F74B /* Preview Assets.xcassets in Resources */,
				9C94ABF02732FAEC00B34D9C /* 煙花.mp3 in Resources */,
				9CB308FE2733181C00CADF73 /* Netflix2@3x.png in Resources */,
				9C47F2DC27325EDA00F6F74B /* Assets.xcassets in Resources */,
				9C94ABED2732FAEC00B34D9C /* 秒速 5 公分.mp3 in Resources */,
				9C94ABEE2732FAEC00B34D9C /* 追逐繁星的孩子.mp3 in Resources */,
				9CB309012733181C00CADF73 /* Netflix2@2x.png in Resources */,
				9CB309002733181C00CADF73 /* Netflix1@2x.png in Resources */,
			);
			runOnlyForDeploymentPostprocessing = 0;
		};
/* End PBXResourcesBuildPhase section */

/* Begin PBXSourcesBuildPhase section */
		9C47F2D027325ED900F6F74B /* Sources */ = {
			isa = PBXSourcesBuildPhase;
			buildActionMask = 2147483647;
			files = (
				9C47F2DA27325EDA00F6F74B /* ContentView.swift in Sources */,
				9C4FBD502737AC1B00417A37 /* InfoView.swift in Sources */,
				9C4FBD4E2737ABD300417A37 /* TopPhotoView.swift in Sources */,
				9C47F2D827325EDA00F6F74B /* My_Favorite_NETFLIXApp.swift in Sources */,
				9C94ABF4273304EB00B34D9C /* SeriesDetailView.swift in Sources */,
				9C94ABE22732E36700B34D9C /* AnimeView.swift in Sources */,
				9CB308F82733118700CADF73 /* AboutView.swift in Sources */,
				9C94ABE82732E9EC00B34D9C /* VideoRow.swift in Sources */,
				9C94ABE42732E4D100B34D9C /* AnimeDetailView.swift in Sources */,
				9C94ABF22733035C00B34D9C /* SeriesView.swift in Sources */,
				9C4FBD562737AC7E00417A37 /* SeriesPhotoView.swift in Sources */,
				9C4FBD542737AC5C00417A37 /* ExternalLinkView.swift in Sources */,
				9C4FBD522737AC3C00417A37 /* MusicSectionView.swift in Sources */,
				9C94ABF62733072400B34D9C /* PhotoView.swift in Sources */,
			);
			runOnlyForDeploymentPostprocessing = 0;
		};
/* End PBXSourcesBuildPhase section */

/* Begin XCBuildConfiguration section */
		9C47F2E027325EDA00F6F74B /* Debug */ = {
			isa = XCBuildConfiguration;
			buildSettings = {
				ALWAYS_SEARCH_USER_PATHS = NO;
				CLANG_ANALYZER_NONNULL = YES;
				CLANG_ANALYZER_NUMBER_OBJECT_CONVERSION = YES_AGGRESSIVE;
				CLANG_CXX_LANGUAGE_STANDARD = "gnu++17";
				CLANG_CXX_LIBRARY = "libc++";
				CLANG_ENABLE_MODULES = YES;
				CLANG_ENABLE_OBJC_ARC = YES;
				CLANG_ENABLE_OBJC_WEAK = YES;
				CLANG_WARN_BLOCK_CAPTURE_AUTORELEASING = YES;
				CLANG_WARN_BOOL_CONVERSION = YES;
				CLANG_WARN_COMMA = YES;
				CLANG_WARN_CONSTANT_CONVERSION = YES;
				CLANG_WARN_DEPRECATED_OBJC_IMPLEMENTATIONS = YES;
				CLANG_WARN_DIRECT_OBJC_ISA_USAGE = YES_ERROR;
				CLANG_WARN_DOCUMENTATION_COMMENTS = YES;
				CLANG_WARN_EMPTY_BODY = YES;
				CLANG_WARN_ENUM_CONVERSION = YES;
				CLANG_WARN_INFINITE_RECURSION = YES;
				CLANG_WARN_INT_CONVERSION = YES;
				CLANG_WARN_NON_LITERAL_NULL_CONVERSION = YES;
				CLANG_WARN_OBJC_IMPLICIT_RETAIN_SELF = YES;
				CLANG_WARN_OBJC_LITERAL_CONVERSION = YES;
				CLANG_WARN_OBJC_ROOT_CLASS = YES_ERROR;
				CLANG_WARN_QUOTED_INCLUDE_IN_FRAMEWORK_HEADER = YES;
				CLANG_WARN_RANGE_LOOP_ANALYSIS = YES;
				CLANG_WARN_STRICT_PROTOTYPES = YES;
				CLANG_WARN_SUSPICIOUS_MOVE = YES;
				CLANG_WARN_UNGUARDED_AVAILABILITY = YES_AGGRESSIVE;
				CLANG_WARN_UNREACHABLE_CODE = YES;
				CLANG_WARN__DUPLICATE_METHOD_MATCH = YES;
				COPY_PHASE_STRIP = NO;
				DEBUG_INFORMATION_FORMAT = dwarf;
				ENABLE_STRICT_OBJC_MSGSEND = YES;
				ENABLE_TESTABILITY = YES;
				GCC_C_LANGUAGE_STANDARD = gnu11;
				GCC_DYNAMIC_NO_PIC = NO;
				GCC_NO_COMMON_BLOCKS = YES;
				GCC_OPTIMIZATION_LEVEL = 0;
				GCC_PREPROCESSOR_DEFINITIONS = (
					"DEBUG=1",
					"$(inherited)",
				);
				GCC_WARN_64_TO_32_BIT_CONVERSION = YES;
				GCC_WARN_ABOUT_RETURN_TYPE = YES_ERROR;
				GCC_WARN_UNDECLARED_SELECTOR = YES;
				GCC_WARN_UNINITIALIZED_AUTOS = YES_AGGRESSIVE;
				GCC_WARN_UNUSED_FUNCTION = YES;
				GCC_WARN_UNUSED_VARIABLE = YES;
				IPHONEOS_DEPLOYMENT_TARGET = 15.0;
				MTL_ENABLE_DEBUG_INFO = INCLUDE_SOURCE;
				MTL_FAST_MATH = YES;
				ONLY_ACTIVE_ARCH = YES;
				SDKROOT = iphoneos;
				SWIFT_ACTIVE_COMPILATION_CONDITIONS = DEBUG;
				SWIFT_OPTIMIZATION_LEVEL = "-Onone";
			};
			name = Debug;
		};
		9C47F2E127325EDA00F6F74B /* Release */ = {
			isa = XCBuildConfiguration;
			buildSettings = {
				ALWAYS_SEARCH_USER_PATHS = NO;
				CLANG_ANALYZER_NONNULL = YES;
				CLANG_ANALYZER_NUMBER_OBJECT_CONVERSION = YES_AGGRESSIVE;
				CLANG_CXX_LANGUAGE_STANDARD = "gnu++17";
				CLANG_CXX_LIBRARY = "libc++";
				CLANG_ENABLE_MODULES = YES;
				CLANG_ENABLE_OBJC_ARC = YES;
				CLANG_ENABLE_OBJC_WEAK = YES;
				CLANG_WARN_BLOCK_CAPTURE_AUTORELEASING = YES;
				CLANG_WARN_BOOL_CONVERSION = YES;
				CLANG_WARN_COMMA = YES;
				CLANG_WARN_CONSTANT_CONVERSION = YES;
				CLANG_WARN_DEPRECATED_OBJC_IMPLEMENTATIONS = YES;
				CLANG_WARN_DIRECT_OBJC_ISA_USAGE = YES_ERROR;
				CLANG_WARN_DOCUMENTATION_COMMENTS = YES;
				CLANG_WARN_EMPTY_BODY = YES;
				CLANG_WARN_ENUM_CONVERSION = YES;
				CLANG_WARN_INFINITE_RECURSION = YES;
				CLANG_WARN_INT_CONVERSION = YES;
				CLANG_WARN_NON_LITERAL_NULL_CONVERSION = YES;
				CLANG_WARN_OBJC_IMPLICIT_RETAIN_SELF = YES;
				CLANG_WARN_OBJC_LITERAL_CONVERSION = YES;
				CLANG_WARN_OBJC_ROOT_CLASS = YES_ERROR;
				CLANG_WARN_QUOTED_INCLUDE_IN_FRAMEWORK_HEADER = YES;
				CLANG_WARN_RANGE_LOOP_ANALYSIS = YES;
				CLANG_WARN_STRICT_PROTOTYPES = YES;
				CLANG_WARN_SUSPICIOUS_MOVE = YES;
				CLANG_WARN_UNGUARDED_AVAILABILITY = YES_AGGRESSIVE;
				CLANG_WARN_UNREACHABLE_CODE = YES;
				CLANG_WARN__DUPLICATE_METHOD_MATCH = YES;
				COPY_PHASE_STRIP = NO;
				DEBUG_INFORMATION_FORMAT = "dwarf-with-dsym";
				ENABLE_NS_ASSERTIONS = NO;
				ENABLE_STRICT_OBJC_MSGSEND = YES;
				GCC_C_LANGUAGE_STANDARD = gnu11;
				GCC_NO_COMMON_BLOCKS = YES;
				GCC_WARN_64_TO_32_BIT_CONVERSION = YES;
				GCC_WARN_ABOUT_RETURN_TYPE = YES_ERROR;
				GCC_WARN_UNDECLARED_SELECTOR = YES;
				GCC_WARN_UNINITIALIZED_AUTOS = YES_AGGRESSIVE;
				GCC_WARN_UNUSED_FUNCTION = YES;
				GCC_WARN_UNUSED_VARIABLE = YES;
				IPHONEOS_DEPLOYMENT_TARGET = 15.0;
				MTL_ENABLE_DEBUG_INFO = NO;
				MTL_FAST_MATH = YES;
				SDKROOT = iphoneos;
				SWIFT_COMPILATION_MODE = wholemodule;
				SWIFT_OPTIMIZATION_LEVEL = "-O";
				VALIDATE_PRODUCT = YES;
			};
			name = Release;
		};
		9C47F2E327325EDA00F6F74B /* Debug */ = {
			isa = XCBuildConfiguration;
			buildSettings = {
				ASSETCATALOG_COMPILER_APPICON_NAME = AppIcon;
				ASSETCATALOG_COMPILER_GLOBAL_ACCENT_COLOR_NAME = AccentColor;
				CODE_SIGN_STYLE = Automatic;
				CURRENT_PROJECT_VERSION = 1;
				DEVELOPMENT_ASSET_PATHS = "\"My Favorite NETFLIX/Preview Content\"";
				DEVELOPMENT_TEAM = 24SCJHS57L;
				ENABLE_PREVIEWS = YES;
				GENERATE_INFOPLIST_FILE = YES;
				INFOPLIST_FILE = "My-Favorite-NETFLIX-Info.plist";
				INFOPLIST_KEY_UIApplicationSceneManifest_Generation = YES;
				INFOPLIST_KEY_UIApplicationSupportsIndirectInputEvents = YES;
				INFOPLIST_KEY_UISupportedInterfaceOrientations_iPad = "UIInterfaceOrientationPortrait UIInterfaceOrientationPortraitUpsideDown UIInterfaceOrientationLandscapeLeft UIInterfaceOrientationLandscapeRight";
				INFOPLIST_KEY_UISupportedInterfaceOrientations_iPhone = "UIInterfaceOrientationPortrait UIInterfaceOrientationLandscapeLeft UIInterfaceOrientationLandscapeRight";
				LD_RUNPATH_SEARCH_PATHS = (
					"$(inherited)",
					"@executable_path/Frameworks",
				);
				MARKETING_VERSION = 1.0;
				PRODUCT_BUNDLE_IDENTIFIER = "self.edu.My-Favorite-NETFLIX";
				PRODUCT_NAME = "$(TARGET_NAME)";
				SWIFT_EMIT_LOC_STRINGS = YES;
				SWIFT_VERSION = 5.0;
				TARGETED_DEVICE_FAMILY = "1,2";
			};
			name = Debug;
		};
		9C47F2E427325EDA00F6F74B /* Release */ = {
			isa = XCBuildConfiguration;
			buildSettings = {
				ASSETCATALOG_COMPILER_APPICON_NAME = AppIcon;
				ASSETCATALOG_COMPILER_GLOBAL_ACCENT_COLOR_NAME = AccentColor;
				CODE_SIGN_STYLE = Automatic;
				CURRENT_PROJECT_VERSION = 1;
				DEVELOPMENT_ASSET_PATHS = "\"My Favorite NETFLIX/Preview Content\"";
				DEVELOPMENT_TEAM = 24SCJHS57L;
				ENABLE_PREVIEWS = YES;
				GENERATE_INFOPLIST_FILE = YES;
				INFOPLIST_FILE = "My-Favorite-NETFLIX-Info.plist";
				INFOPLIST_KEY_UIApplicationSceneManifest_Generation = YES;
				INFOPLIST_KEY_UIApplicationSupportsIndirectInputEvents = YES;
				INFOPLIST_KEY_UISupportedInterfaceOrientations_iPad = "UIInterfaceOrientationPortrait UIInterfaceOrientationPortraitUpsideDown UIInterfaceOrientationLandscapeLeft UIInterfaceOrientationLandscapeRight";
				INFOPLIST_KEY_UISupportedInterfaceOrientations_iPhone = "UIInterfaceOrientationPortrait UIInterfaceOrientationLandscapeLeft UIInterfaceOrientationLandscapeRight";
				LD_RUNPATH_SEARCH_PATHS = (
					"$(inherited)",
					"@executable_path/Frameworks",
				);
				MARKETING_VERSION = 1.0;
				PRODUCT_BUNDLE_IDENTIFIER = "self.edu.My-Favorite-NETFLIX";
				PRODUCT_NAME = "$(TARGET_NAME)";
				SWIFT_EMIT_LOC_STRINGS = YES;
				SWIFT_VERSION = 5.0;
				TARGETED_DEVICE_FAMILY = "1,2";
			};
			name = Release;
		};
/* End XCBuildConfiguration section */

/* Begin XCConfigurationList section */
		9C47F2CF27325ED900F6F74B /* Build configuration list for PBXProject "My Favorite NETFLIX" */ = {
			isa = XCConfigurationList;
			buildConfigurations = (
				9C47F2E027325EDA00F6F74B /* Debug */,
				9C47F2E127325EDA00F6F74B /* Release */,
			);
			defaultConfigurationIsVisible = 0;
			defaultConfigurationName = Release;
		};
		9C47F2E227325EDA00F6F74B /* Build configuration list for PBXNativeTarget "My Favorite NETFLIX" */ = {
			isa = XCConfigurationList;
			buildConfigurations = (
				9C47F2E327325EDA00F6F74B /* Debug */,
				9C47F2E427325EDA00F6F74B /* Release */,
			);
			defaultConfigurationIsVisible = 0;
			defaultConfigurationName = Release;
		};
/* End XCConfigurationList section */
	};
	rootObject = 9C47F2CC27325ED900F6F74B /* Project object */;
}
